
Microsoft Visual Studio Solution File, Format Version 12.00
# Visual Studio Version 17
VisualStudioVersion = 17.9.34728.123
MinimumVisualStudioVersion = 10.0.40219.1
Project("{2150E333-8FDC-42A3-9474-1A3956D46DE8}") = "BuildingBlocks", "BuildingBlocks", "{CAC6D489-9EBF-4D24-9434-1955D40093DD}"
EndProject
Project("{2150E333-8FDC-42A3-9474-1A3956D46DE8}") = "Services", "Services", "{45BB9476-D7EE-44DE-88B1-65060573F64F}"
EndProject
Project("{9A19103F-16F7-4668-BE54-9A1E7A4F7556}") = "Domain", "BuildingBlocks\Domain\Domain.csproj", "{82F72FF7-A653-42DB-A40D-D7E99D8C1E16}"
EndProject
Project("{2150E333-8FDC-42A3-9474-1A3956D46DE8}") = "Basket", "Basket", "{6C772526-E948-4CFF-814F-AA57654CB532}"
EndProject
Project("{2150E333-8FDC-42A3-9474-1A3956D46DE8}") = "VideoManager", "VideoManager", "{CC2107CE-E422-4092-8651-DDC44616ABFB}"
EndProject
Project("{9A19103F-16F7-4668-BE54-9A1E7A4F7556}") = "EventBus", "BuildingBlocks\EventBus\EventBus.csproj", "{718C2399-C40F-46E6-A7BA-DCC023ECFA48}"
EndProject
Project("{9A19103F-16F7-4668-BE54-9A1E7A4F7556}") = "Application", "BuildingBlocks\Application\Application.csproj", "{D4589E56-05EE-4CAE-A04C-316BC8DBA34A}"
EndProject
Project("{2150E333-8FDC-42A3-9474-1A3956D46DE8}") = "WishList", "WishList", "{7A4DE7E0-C9AE-4177-A190-15C1175126B9}"
EndProject
Project("{2150E333-8FDC-42A3-9474-1A3956D46DE8}") = "CourseManager", "CourseManager", "{2C2288DF-A1A4-498D-B542-B03588F673D1}"
EndProject
Project("{9A19103F-16F7-4668-BE54-9A1E7A4F7556}") = "CourseManager.API", "Services\CourseManager\CourseManager.API\CourseManager.API.csproj", "{6D2B569A-50BE-4C1C-A31D-57FA35312AE9}"
EndProject
Project("{9A19103F-16F7-4668-BE54-9A1E7A4F7556}") = "CourseManager.Domain", "Services\CourseManager\CourseManager.Domain\CourseManager.Domain.csproj", "{C1FA01AE-F3A8-48FF-ABA4-EE1D08B1E509}"
EndProject
Project("{9A19103F-16F7-4668-BE54-9A1E7A4F7556}") = "CourseManager.Infrastructure", "Services\CourseManager\CourseManager.Infrastructure\CourseManager.Infrastructure.csproj", "{283600FC-AB62-4A0F-8C0B-FD985219E966}"
EndProject
Project("{E53339B2-1760-4266-BCC7-CA923CBCF16C}") = "docker-compose", "docker-compose.dcproj", "{CEB9AC46-4EA2-4D4D-99E9-03E2C9ABDBC6}"
EndProject
Project("{9A19103F-16F7-4668-BE54-9A1E7A4F7556}") = "VideoManager.API", "Services\VideoManager\VideoManager.API\VideoManager.API.csproj", "{A6FC383D-DCB0-4CEE-AE61-0BDC2C83D103}"
EndProject
Project("{9A19103F-16F7-4668-BE54-9A1E7A4F7556}") = "VideoManager.Domain", "Services\VideoManager\VideoManager.Domain\VideoManager.Domain.csproj", "{B3D5F53B-3ABC-493B-8ED1-F4D36CC28F41}"
EndProject
Project("{9A19103F-16F7-4668-BE54-9A1E7A4F7556}") = "VideoManager.Infrastructure", "Services\VideoManager\VideoManager.Infrastructure\VideoManager.Infrastructure.csproj", "{7101FED6-6C03-4579-A9BC-2830CF27D56C}"
EndProject
Project("{9A19103F-16F7-4668-BE54-9A1E7A4F7556}") = "Basket.API", "Services\Basket\Basket.API\Basket.API.csproj", "{D4F047A6-025C-42A4-9E44-E0C4913D9D4C}"
EndProject
Project("{9A19103F-16F7-4668-BE54-9A1E7A4F7556}") = "WishList.API", "Services\WishList\WishList.API\WishList.API.csproj", "{6ACE7939-4F0E-4C69-9A94-29F23683C188}"
EndProject
Project("{9A19103F-16F7-4668-BE54-9A1E7A4F7556}") = "Infrastructure", "BuildingBlocks\Infrastructure\Infrastructure.csproj", "{7A23CA54-0734-4D8F-88C4-1D8408880186}"
EndProject
Project("{2150E333-8FDC-42A3-9474-1A3956D46DE8}") = "APIGateway", "APIGateway", "{4732A4EC-090C-4609-8623-BF026A1CE4AC}"
EndProject
Project("{9A19103F-16F7-4668-BE54-9A1E7A4F7556}") = "ApiGateway", "Services\APIGateway\ApiGateway\ApiGateway.csproj", "{C7C79DD2-4A58-48C2-B341-49D3056D95D4}"
EndProject
Project("{2150E333-8FDC-42A3-9474-1A3956D46DE8}") = "VideoLibrary", "VideoLibrary", "{46570183-75D5-4DC6-B6D6-FC40646D641A}"
EndProject
Project("{9A19103F-16F7-4668-BE54-9A1E7A4F7556}") = "VideoLibrary.API", "Services\VideoLibrary\VideoLibrary.API\VideoLibrary.API.csproj", "{CEDB5B5A-908A-496E-99F5-341510182301}"
EndProject
Project("{2150E333-8FDC-42A3-9474-1A3956D46DE8}") = "Auth", "Auth", "{23A8BB4E-3A8C-4855-9D65-00BD42FCBBE6}"
EndProject
Project("{9A19103F-16F7-4668-BE54-9A1E7A4F7556}") = "Auth.API", "Services\Auth\Auth.API\Auth.API.csproj", "{A030A7F5-002A-4F67-8F81-EDC683F6EB64}"
EndProject
Project("{2150E333-8FDC-42A3-9474-1A3956D46DE8}") = "Configurations", "Configurations", "{DC27261B-9009-444F-BED3-9398CB3009CF}"
EndProject
Project("{2150E333-8FDC-42A3-9474-1A3956D46DE8}") = "logstash", "logstash", "{E1233B24-4D0B-436E-B679-38F587651DF4}"
EndProject
Project("{2150E333-8FDC-42A3-9474-1A3956D46DE8}") = "pipeline", "pipeline", "{9B3D78D9-FA05-4362-A02C-6477829A7C5D}"
	ProjectSection(SolutionItems) = preProject
		Configurations\logstash\pipeline\logstash.conf = Configurations\logstash\pipeline\logstash.conf
	EndProjectSection
EndProject
Project("{2150E333-8FDC-42A3-9474-1A3956D46DE8}") = "UserService", "UserService", "{222A00F5-103B-4803-B4BD-928C3EFB1D8F}"
EndProject
Project("{9A19103F-16F7-4668-BE54-9A1E7A4F7556}") = "UserService.API", "Services\UserService\UserService.API\UserService.API.csproj", "{3BACA1FB-5D01-4AC3-B225-0EBFC90F6CE0}"
EndProject
Project("{2150E333-8FDC-42A3-9474-1A3956D46DE8}") = "LearningService", "LearningService", "{ED53A73F-6AFE-4627-8638-2A60F7E3F3FE}"
EndProject
Project("{9A19103F-16F7-4668-BE54-9A1E7A4F7556}") = "LearningService.API", "Services\LearningService\LearningService.API\LearningService.API.csproj", "{F89A9B1D-FB23-4B2C-AA14-C046AF90C8B2}"
EndProject
Project("{2150E333-8FDC-42A3-9474-1A3956D46DE8}") = "SearchService", "SearchService", "{190E6BFB-BCFD-4ABB-9753-6E31362C03E0}"
EndProject
Project("{9A19103F-16F7-4668-BE54-9A1E7A4F7556}") = "SearchService.API", "Services\SearchService\SearchService.API\SearchService.API.csproj", "{ACF2A891-0776-4F14-8395-29FE5EC4FC60}"
EndProject
Project("{2150E333-8FDC-42A3-9474-1A3956D46DE8}") = "PaymentService", "PaymentService", "{385D8D02-EC44-463D-B396-101C0C4EE17E}"
EndProject
Project("{9A19103F-16F7-4668-BE54-9A1E7A4F7556}") = "PaymentService.API", "Services\PaymentService\PaymentService.API\PaymentService.API.csproj", "{B3E95D44-3937-47B7-8A94-16426A30F116}"
EndProject
Project("{2150E333-8FDC-42A3-9474-1A3956D46DE8}") = "Solution Items", "Solution Items", "{C068A8CD-2FC1-4173-8269-F1F2E8194728}"
	ProjectSection(SolutionItems) = preProject
		README.md = README.md
	EndProjectSection
EndProject
Global
	GlobalSection(SolutionConfigurationPlatforms) = preSolution
		Debug|Any CPU = Debug|Any CPU
		Release|Any CPU = Release|Any CPU
	EndGlobalSection
	GlobalSection(ProjectConfigurationPlatforms) = postSolution
		{82F72FF7-A653-42DB-A40D-D7E99D8C1E16}.Debug|Any CPU.ActiveCfg = Debug|Any CPU
		{82F72FF7-A653-42DB-A40D-D7E99D8C1E16}.Debug|Any CPU.Build.0 = Debug|Any CPU
		{82F72FF7-A653-42DB-A40D-D7E99D8C1E16}.Release|Any CPU.ActiveCfg = Release|Any CPU
		{82F72FF7-A653-42DB-A40D-D7E99D8C1E16}.Release|Any CPU.Build.0 = Release|Any CPU
		{718C2399-C40F-46E6-A7BA-DCC023ECFA48}.Debug|Any CPU.ActiveCfg = Debug|Any CPU
		{718C2399-C40F-46E6-A7BA-DCC023ECFA48}.Debug|Any CPU.Build.0 = Debug|Any CPU
		{718C2399-C40F-46E6-A7BA-DCC023ECFA48}.Release|Any CPU.ActiveCfg = Release|Any CPU
		{718C2399-C40F-46E6-A7BA-DCC023ECFA48}.Release|Any CPU.Build.0 = Release|Any CPU
		{D4589E56-05EE-4CAE-A04C-316BC8DBA34A}.Debug|Any CPU.ActiveCfg = Debug|Any CPU
		{D4589E56-05EE-4CAE-A04C-316BC8DBA34A}.Debug|Any CPU.Build.0 = Debug|Any CPU
		{D4589E56-05EE-4CAE-A04C-316BC8DBA34A}.Release|Any CPU.ActiveCfg = Release|Any CPU
		{D4589E56-05EE-4CAE-A04C-316BC8DBA34A}.Release|Any CPU.Build.0 = Release|Any CPU
		{6D2B569A-50BE-4C1C-A31D-57FA35312AE9}.Debug|Any CPU.ActiveCfg = Debug|Any CPU
		{6D2B569A-50BE-4C1C-A31D-57FA35312AE9}.Debug|Any CPU.Build.0 = Debug|Any CPU
		{6D2B569A-50BE-4C1C-A31D-57FA35312AE9}.Release|Any CPU.ActiveCfg = Release|Any CPU
		{6D2B569A-50BE-4C1C-A31D-57FA35312AE9}.Release|Any CPU.Build.0 = Release|Any CPU
		{C1FA01AE-F3A8-48FF-ABA4-EE1D08B1E509}.Debug|Any CPU.ActiveCfg = Debug|Any CPU
		{C1FA01AE-F3A8-48FF-ABA4-EE1D08B1E509}.Debug|Any CPU.Build.0 = Debug|Any CPU
		{C1FA01AE-F3A8-48FF-ABA4-EE1D08B1E509}.Release|Any CPU.ActiveCfg = Release|Any CPU
		{C1FA01AE-F3A8-48FF-ABA4-EE1D08B1E509}.Release|Any CPU.Build.0 = Release|Any CPU
		{283600FC-AB62-4A0F-8C0B-FD985219E966}.Debug|Any CPU.ActiveCfg = Debug|Any CPU
		{283600FC-AB62-4A0F-8C0B-FD985219E966}.Debug|Any CPU.Build.0 = Debug|Any CPU
		{283600FC-AB62-4A0F-8C0B-FD985219E966}.Release|Any CPU.ActiveCfg = Release|Any CPU
		{283600FC-AB62-4A0F-8C0B-FD985219E966}.Release|Any CPU.Build.0 = Release|Any CPU
		{CEB9AC46-4EA2-4D4D-99E9-03E2C9ABDBC6}.Debug|Any CPU.ActiveCfg = Debug|Any CPU
		{CEB9AC46-4EA2-4D4D-99E9-03E2C9ABDBC6}.Debug|Any CPU.Build.0 = Debug|Any CPU
		{CEB9AC46-4EA2-4D4D-99E9-03E2C9ABDBC6}.Release|Any CPU.ActiveCfg = Release|Any CPU
		{CEB9AC46-4EA2-4D4D-99E9-03E2C9ABDBC6}.Release|Any CPU.Build.0 = Release|Any CPU
		{A6FC383D-DCB0-4CEE-AE61-0BDC2C83D103}.Debug|Any CPU.ActiveCfg = Debug|Any CPU
		{A6FC383D-DCB0-4CEE-AE61-0BDC2C83D103}.Debug|Any CPU.Build.0 = Debug|Any CPU
		{A6FC383D-DCB0-4CEE-AE61-0BDC2C83D103}.Release|Any CPU.ActiveCfg = Release|Any CPU
		{A6FC383D-DCB0-4CEE-AE61-0BDC2C83D103}.Release|Any CPU.Build.0 = Release|Any CPU
		{B3D5F53B-3ABC-493B-8ED1-F4D36CC28F41}.Debug|Any CPU.ActiveCfg = Debug|Any CPU
		{B3D5F53B-3ABC-493B-8ED1-F4D36CC28F41}.Debug|Any CPU.Build.0 = Debug|Any CPU
		{B3D5F53B-3ABC-493B-8ED1-F4D36CC28F41}.Release|Any CPU.ActiveCfg = Release|Any CPU
		{B3D5F53B-3ABC-493B-8ED1-F4D36CC28F41}.Release|Any CPU.Build.0 = Release|Any CPU
		{7101FED6-6C03-4579-A9BC-2830CF27D56C}.Debug|Any CPU.ActiveCfg = Debug|Any CPU
		{7101FED6-6C03-4579-A9BC-2830CF27D56C}.Debug|Any CPU.Build.0 = Debug|Any CPU
		{7101FED6-6C03-4579-A9BC-2830CF27D56C}.Release|Any CPU.ActiveCfg = Release|Any CPU
		{7101FED6-6C03-4579-A9BC-2830CF27D56C}.Release|Any CPU.Build.0 = Release|Any CPU
		{D4F047A6-025C-42A4-9E44-E0C4913D9D4C}.Debug|Any CPU.ActiveCfg = Debug|Any CPU
		{D4F047A6-025C-42A4-9E44-E0C4913D9D4C}.Debug|Any CPU.Build.0 = Debug|Any CPU
		{D4F047A6-025C-42A4-9E44-E0C4913D9D4C}.Release|Any CPU.ActiveCfg = Release|Any CPU
		{D4F047A6-025C-42A4-9E44-E0C4913D9D4C}.Release|Any CPU.Build.0 = Release|Any CPU
		{6ACE7939-4F0E-4C69-9A94-29F23683C188}.Debug|Any CPU.ActiveCfg = Debug|Any CPU
		{6ACE7939-4F0E-4C69-9A94-29F23683C188}.Debug|Any CPU.Build.0 = Debug|Any CPU
		{6ACE7939-4F0E-4C69-9A94-29F23683C188}.Release|Any CPU.ActiveCfg = Release|Any CPU
		{6ACE7939-4F0E-4C69-9A94-29F23683C188}.Release|Any CPU.Build.0 = Release|Any CPU
		{7A23CA54-0734-4D8F-88C4-1D8408880186}.Debug|Any CPU.ActiveCfg = Debug|Any CPU
		{7A23CA54-0734-4D8F-88C4-1D8408880186}.Debug|Any CPU.Build.0 = Debug|Any CPU
		{7A23CA54-0734-4D8F-88C4-1D8408880186}.Release|Any CPU.ActiveCfg = Release|Any CPU
		{7A23CA54-0734-4D8F-88C4-1D8408880186}.Release|Any CPU.Build.0 = Release|Any CPU
		{C7C79DD2-4A58-48C2-B341-49D3056D95D4}.Debug|Any CPU.ActiveCfg = Debug|Any CPU
		{C7C79DD2-4A58-48C2-B341-49D3056D95D4}.Debug|Any CPU.Build.0 = Debug|Any CPU
		{C7C79DD2-4A58-48C2-B341-49D3056D95D4}.Release|Any CPU.ActiveCfg = Release|Any CPU
		{C7C79DD2-4A58-48C2-B341-49D3056D95D4}.Release|Any CPU.Build.0 = Release|Any CPU
		{CEDB5B5A-908A-496E-99F5-341510182301}.Debug|Any CPU.ActiveCfg = Debug|Any CPU
		{CEDB5B5A-908A-496E-99F5-341510182301}.Debug|Any CPU.Build.0 = Debug|Any CPU
		{CEDB5B5A-908A-496E-99F5-341510182301}.Release|Any CPU.ActiveCfg = Release|Any CPU
		{CEDB5B5A-908A-496E-99F5-341510182301}.Release|Any CPU.Build.0 = Release|Any CPU
		{A030A7F5-002A-4F67-8F81-EDC683F6EB64}.Debug|Any CPU.ActiveCfg = Debug|Any CPU
		{A030A7F5-002A-4F67-8F81-EDC683F6EB64}.Debug|Any CPU.Build.0 = Debug|Any CPU
		{A030A7F5-002A-4F67-8F81-EDC683F6EB64}.Release|Any CPU.ActiveCfg = Release|Any CPU
		{A030A7F5-002A-4F67-8F81-EDC683F6EB64}.Release|Any CPU.Build.0 = Release|Any CPU
		{3BACA1FB-5D01-4AC3-B225-0EBFC90F6CE0}.Debug|Any CPU.ActiveCfg = Debug|Any CPU
		{3BACA1FB-5D01-4AC3-B225-0EBFC90F6CE0}.Debug|Any CPU.Build.0 = Debug|Any CPU
		{3BACA1FB-5D01-4AC3-B225-0EBFC90F6CE0}.Release|Any CPU.ActiveCfg = Release|Any CPU
		{3BACA1FB-5D01-4AC3-B225-0EBFC90F6CE0}.Release|Any CPU.Build.0 = Release|Any CPU
		{F89A9B1D-FB23-4B2C-AA14-C046AF90C8B2}.Debug|Any CPU.ActiveCfg = Debug|Any CPU
		{F89A9B1D-FB23-4B2C-AA14-C046AF90C8B2}.Debug|Any CPU.Build.0 = Debug|Any CPU
		{F89A9B1D-FB23-4B2C-AA14-C046AF90C8B2}.Release|Any CPU.ActiveCfg = Release|Any CPU
		{F89A9B1D-FB23-4B2C-AA14-C046AF90C8B2}.Release|Any CPU.Build.0 = Release|Any CPU
		{ACF2A891-0776-4F14-8395-29FE5EC4FC60}.Debug|Any CPU.ActiveCfg = Debug|Any CPU
		{ACF2A891-0776-4F14-8395-29FE5EC4FC60}.Debug|Any CPU.Build.0 = Debug|Any CPU
		{ACF2A891-0776-4F14-8395-29FE5EC4FC60}.Release|Any CPU.ActiveCfg = Release|Any CPU
		{ACF2A891-0776-4F14-8395-29FE5EC4FC60}.Release|Any CPU.Build.0 = Release|Any CPU
		{B3E95D44-3937-47B7-8A94-16426A30F116}.Debug|Any CPU.ActiveCfg = Debug|Any CPU
		{B3E95D44-3937-47B7-8A94-16426A30F116}.Debug|Any CPU.Build.0 = Debug|Any CPU
		{B3E95D44-3937-47B7-8A94-16426A30F116}.Release|Any CPU.ActiveCfg = Release|Any CPU
		{B3E95D44-3937-47B7-8A94-16426A30F116}.Release|Any CPU.Build.0 = Release|Any CPU
	EndGlobalSection
	GlobalSection(SolutionProperties) = preSolution
		HideSolutionNode = FALSE
	EndGlobalSection
	GlobalSection(NestedProjects) = preSolution
		{82F72FF7-A653-42DB-A40D-D7E99D8C1E16} = {CAC6D489-9EBF-4D24-9434-1955D40093DD}
		{6C772526-E948-4CFF-814F-AA57654CB532} = {45BB9476-D7EE-44DE-88B1-65060573F64F}
		{CC2107CE-E422-4092-8651-DDC44616ABFB} = {45BB9476-D7EE-44DE-88B1-65060573F64F}
		{718C2399-C40F-46E6-A7BA-DCC023ECFA48} = {CAC6D489-9EBF-4D24-9434-1955D40093DD}
		{D4589E56-05EE-4CAE-A04C-316BC8DBA34A} = {CAC6D489-9EBF-4D24-9434-1955D40093DD}
		{7A4DE7E0-C9AE-4177-A190-15C1175126B9} = {45BB9476-D7EE-44DE-88B1-65060573F64F}
		{2C2288DF-A1A4-498D-B542-B03588F673D1} = {45BB9476-D7EE-44DE-88B1-65060573F64F}
		{6D2B569A-50BE-4C1C-A31D-57FA35312AE9} = {2C2288DF-A1A4-498D-B542-B03588F673D1}
		{C1FA01AE-F3A8-48FF-ABA4-EE1D08B1E509} = {2C2288DF-A1A4-498D-B542-B03588F673D1}
		{283600FC-AB62-4A0F-8C0B-FD985219E966} = {2C2288DF-A1A4-498D-B542-B03588F673D1}
		{A6FC383D-DCB0-4CEE-AE61-0BDC2C83D103} = {CC2107CE-E422-4092-8651-DDC44616ABFB}
		{B3D5F53B-3ABC-493B-8ED1-F4D36CC28F41} = {CC2107CE-E422-4092-8651-DDC44616ABFB}
		{7101FED6-6C03-4579-A9BC-2830CF27D56C} = {CC2107CE-E422-4092-8651-DDC44616ABFB}
		{D4F047A6-025C-42A4-9E44-E0C4913D9D4C} = {6C772526-E948-4CFF-814F-AA57654CB532}
		{6ACE7939-4F0E-4C69-9A94-29F23683C188} = {7A4DE7E0-C9AE-4177-A190-15C1175126B9}
		{7A23CA54-0734-4D8F-88C4-1D8408880186} = {CAC6D489-9EBF-4D24-9434-1955D40093DD}
		{4732A4EC-090C-4609-8623-BF026A1CE4AC} = {45BB9476-D7EE-44DE-88B1-65060573F64F}
		{C7C79DD2-4A58-48C2-B341-49D3056D95D4} = {4732A4EC-090C-4609-8623-BF026A1CE4AC}
		{46570183-75D5-4DC6-B6D6-FC40646D641A} = {45BB9476-D7EE-44DE-88B1-65060573F64F}
		{CEDB5B5A-908A-496E-99F5-341510182301} = {46570183-75D5-4DC6-B6D6-FC40646D641A}
		{23A8BB4E-3A8C-4855-9D65-00BD42FCBBE6} = {45BB9476-D7EE-44DE-88B1-65060573F64F}
		{A030A7F5-002A-4F67-8F81-EDC683F6EB64} = {23A8BB4E-3A8C-4855-9D65-00BD42FCBBE6}
		{E1233B24-4D0B-436E-B679-38F587651DF4} = {DC27261B-9009-444F-BED3-9398CB3009CF}
		{9B3D78D9-FA05-4362-A02C-6477829A7C5D} = {E1233B24-4D0B-436E-B679-38F587651DF4}
		{222A00F5-103B-4803-B4BD-928C3EFB1D8F} = {45BB9476-D7EE-44DE-88B1-65060573F64F}
		{3BACA1FB-5D01-4AC3-B225-0EBFC90F6CE0} = {222A00F5-103B-4803-B4BD-928C3EFB1D8F}
		{ED53A73F-6AFE-4627-8638-2A60F7E3F3FE} = {45BB9476-D7EE-44DE-88B1-65060573F64F}
		{F89A9B1D-FB23-4B2C-AA14-C046AF90C8B2} = {ED53A73F-6AFE-4627-8638-2A60F7E3F3FE}
		{190E6BFB-BCFD-4ABB-9753-6E31362C03E0} = {45BB9476-D7EE-44DE-88B1-65060573F64F}
		{ACF2A891-0776-4F14-8395-29FE5EC4FC60} = {190E6BFB-BCFD-4ABB-9753-6E31362C03E0}
		{385D8D02-EC44-463D-B396-101C0C4EE17E} = {45BB9476-D7EE-44DE-88B1-65060573F64F}
		{B3E95D44-3937-47B7-8A94-16426A30F116} = {385D8D02-EC44-463D-B396-101C0C4EE17E}
	EndGlobalSection
	GlobalSection(ExtensibilityGlobals) = postSolution
		SolutionGuid = {32DDAADE-CA8F-42D2-8549-EA63F27E1407}
	EndGlobalSection
EndGlobal
